
Microsoft Visual Studio Solution File, Format Version 12.00
# Visual Studio 15
VisualStudioVersion = 15.0.26124.0
MinimumVisualStudioVersion = 15.0.26124.0
Project("{FAE04EC0-301F-11D3-BF4B-00C04F79EFBC}") = "Application", "Api.Application\Application.csproj", "{71131E8B-EE50-4AAF-9C13-5F2F691EF48D}"
EndProject
Project("{FAE04EC0-301F-11D3-BF4B-00C04F79EFBC}") = "Domain", "Api.Domain\Domain.csproj", "{A16DA12B-01C2-4A71-849E-A94AC4F287C1}"
EndProject
Project("{FAE04EC0-301F-11D3-BF4B-00C04F79EFBC}") = "CrossCutting", "Api.CrossCutting\CrossCutting.csproj", "{343DD0C5-1F10-447B-91B8-DB8E35006CB8}"
EndProject
Project("{FAE04EC0-301F-11D3-BF4B-00C04F79EFBC}") = "Data", "Api.Data\Data.csproj", "{AF75A6CD-6464-476B-AFAE-6C3AF5A447B2}"
EndProject
Project("{FAE04EC0-301F-11D3-BF4B-00C04F79EFBC}") = "Service", "Api.Service\Service.csproj", "{A334E475-65C9-4FCC-B0CA-FEF6544F7B52}"
EndProject
Project("{FAE04EC0-301F-11D3-BF4B-00C04F79EFBC}") = "Api.Data.Test", "Api.Data.Test\Api.Data.Test.csproj", "{F0B2223F-BC47-49C2-B326-1B570F03FEF6}"
EndProject
Project("{FAE04EC0-301F-11D3-BF4B-00C04F79EFBC}") = "Api.Service.Test", "Api.Service.Test\Api.Service.Test.csproj", "{764315BF-CCC4-474E-809C-8800E3B2B7D3}"
EndProject
Global
	GlobalSection(SolutionConfigurationPlatforms) = preSolution
		Debug|Any CPU = Debug|Any CPU
		Debug|x64 = Debug|x64
		Debug|x86 = Debug|x86
		Release|Any CPU = Release|Any CPU
		Release|x64 = Release|x64
		Release|x86 = Release|x86
	EndGlobalSection
	GlobalSection(SolutionProperties) = preSolution
		HideSolutionNode = FALSE
	EndGlobalSection
	GlobalSection(ProjectConfigurationPlatforms) = postSolution
		{71131E8B-EE50-4AAF-9C13-5F2F691EF48D}.Debug|Any CPU.ActiveCfg = Debug|Any CPU
		{71131E8B-EE50-4AAF-9C13-5F2F691EF48D}.Debug|Any CPU.Build.0 = Debug|Any CPU
		{71131E8B-EE50-4AAF-9C13-5F2F691EF48D}.Debug|x64.ActiveCfg = Debug|Any CPU
		{71131E8B-EE50-4AAF-9C13-5F2F691EF48D}.Debug|x64.Build.0 = Debug|Any CPU
		{71131E8B-EE50-4AAF-9C13-5F2F691EF48D}.Debug|x86.ActiveCfg = Debug|Any CPU
		{71131E8B-EE50-4AAF-9C13-5F2F691EF48D}.Debug|x86.Build.0 = Debug|Any CPU
		{71131E8B-EE50-4AAF-9C13-5F2F691EF48D}.Release|Any CPU.ActiveCfg = Release|Any CPU
		{71131E8B-EE50-4AAF-9C13-5F2F691EF48D}.Release|Any CPU.Build.0 = Release|Any CPU
		{71131E8B-EE50-4AAF-9C13-5F2F691EF48D}.Release|x64.ActiveCfg = Release|Any CPU
		{71131E8B-EE50-4AAF-9C13-5F2F691EF48D}.Release|x64.Build.0 = Release|Any CPU
		{71131E8B-EE50-4AAF-9C13-5F2F691EF48D}.Release|x86.ActiveCfg = Release|Any CPU
		{71131E8B-EE50-4AAF-9C13-5F2F691EF48D}.Release|x86.Build.0 = Release|Any CPU
		{A16DA12B-01C2-4A71-849E-A94AC4F287C1}.Debug|Any CPU.ActiveCfg = Debug|Any CPU
		{A16DA12B-01C2-4A71-849E-A94AC4F287C1}.Debug|Any CPU.Build.0 = Debug|Any CPU
		{A16DA12B-01C2-4A71-849E-A94AC4F287C1}.Debug|x64.ActiveCfg = Debug|Any CPU
		{A16DA12B-01C2-4A71-849E-A94AC4F287C1}.Debug|x64.Build.0 = Debug|Any CPU
		{A16DA12B-01C2-4A71-849E-A94AC4F287C1}.Debug|x86.ActiveCfg = Debug|Any CPU
		{A16DA12B-01C2-4A71-849E-A94AC4F287C1}.Debug|x86.Build.0 = Debug|Any CPU
		{A16DA12B-01C2-4A71-849E-A94AC4F287C1}.Release|Any CPU.ActiveCfg = Release|Any CPU
		{A16DA12B-01C2-4A71-849E-A94AC4F287C1}.Release|Any CPU.Build.0 = Release|Any CPU
		{A16DA12B-01C2-4A71-849E-A94AC4F287C1}.Release|x64.ActiveCfg = Release|Any CPU
		{A16DA12B-01C2-4A71-849E-A94AC4F287C1}.Release|x64.Build.0 = Release|Any CPU
		{A16DA12B-01C2-4A71-849E-A94AC4F287C1}.Release|x86.ActiveCfg = Release|Any CPU
		{A16DA12B-01C2-4A71-849E-A94AC4F287C1}.Release|x86.Build.0 = Release|Any CPU
		{343DD0C5-1F10-447B-91B8-DB8E35006CB8}.Debug|Any CPU.ActiveCfg = Debug|Any CPU
		{343DD0C5-1F10-447B-91B8-DB8E35006CB8}.Debug|Any CPU.Build.0 = Debug|Any CPU
		{343DD0C5-1F10-447B-91B8-DB8E35006CB8}.Debug|x64.ActiveCfg = Debug|Any CPU
		{343DD0C5-1F10-447B-91B8-DB8E35006CB8}.Debug|x64.Build.0 = Debug|Any CPU
		{343DD0C5-1F10-447B-91B8-DB8E35006CB8}.Debug|x86.ActiveCfg = Debug|Any CPU
		{343DD0C5-1F10-447B-91B8-DB8E35006CB8}.Debug|x86.Build.0 = Debug|Any CPU
		{343DD0C5-1F10-447B-91B8-DB8E35006CB8}.Release|Any CPU.ActiveCfg = Release|Any CPU
		{343DD0C5-1F10-447B-91B8-DB8E35006CB8}.Release|Any CPU.Build.0 = Release|Any CPU
		{343DD0C5-1F10-447B-91B8-DB8E35006CB8}.Release|x64.ActiveCfg = Release|Any CPU
		{343DD0C5-1F10-447B-91B8-DB8E35006CB8}.Release|x64.Build.0 = Release|Any CPU
		{343DD0C5-1F10-447B-91B8-DB8E35006CB8}.Release|x86.ActiveCfg = Release|Any CPU
		{343DD0C5-1F10-447B-91B8-DB8E35006CB8}.Release|x86.Build.0 = Release|Any CPU
		{AF75A6CD-6464-476B-AFAE-6C3AF5A447B2}.Debug|Any CPU.ActiveCfg = Debug|Any CPU
		{AF75A6CD-6464-476B-AFAE-6C3AF5A447B2}.Debug|Any CPU.Build.0 = Debug|Any CPU
		{AF75A6CD-6464-476B-AFAE-6C3AF5A447B2}.Debug|x64.ActiveCfg = Debug|Any CPU
		{AF75A6CD-6464-476B-AFAE-6C3AF5A447B2}.Debug|x64.Build.0 = Debug|Any CPU
		{AF75A6CD-6464-476B-AFAE-6C3AF5A447B2}.Debug|x86.ActiveCfg = Debug|Any CPU
		{AF75A6CD-6464-476B-AFAE-6C3AF5A447B2}.Debug|x86.Build.0 = Debug|Any CPU
		{AF75A6CD-6464-476B-AFAE-6C3AF5A447B2}.Release|Any CPU.ActiveCfg = Release|Any CPU
		{AF75A6CD-6464-476B-AFAE-6C3AF5A447B2}.Release|Any CPU.Build.0 = Release|Any CPU
		{AF75A6CD-6464-476B-AFAE-6C3AF5A447B2}.Release|x64.ActiveCfg = Release|Any CPU
		{AF75A6CD-6464-476B-AFAE-6C3AF5A447B2}.Release|x64.Build.0 = Release|Any CPU
		{AF75A6CD-6464-476B-AFAE-6C3AF5A447B2}.Release|x86.ActiveCfg = Release|Any CPU
		{AF75A6CD-6464-476B-AFAE-6C3AF5A447B2}.Release|x86.Build.0 = Release|Any CPU
		{A334E475-65C9-4FCC-B0CA-FEF6544F7B52}.Debug|Any CPU.ActiveCfg = Debug|Any CPU
		{A334E475-65C9-4FCC-B0CA-FEF6544F7B52}.Debug|Any CPU.Build.0 = Debug|Any CPU
		{A334E475-65C9-4FCC-B0CA-FEF6544F7B52}.Debug|x64.ActiveCfg = Debug|Any CPU
		{A334E475-65C9-4FCC-B0CA-FEF6544F7B52}.Debug|x64.Build.0 = Debug|Any CPU
		{A334E475-65C9-4FCC-B0CA-FEF6544F7B52}.Debug|x86.ActiveCfg = Debug|Any CPU
		{A334E475-65C9-4FCC-B0CA-FEF6544F7B52}.Debug|x86.Build.0 = Debug|Any CPU
		{A334E475-65C9-4FCC-B0CA-FEF6544F7B52}.Release|Any CPU.ActiveCfg = Release|Any CPU
		{A334E475-65C9-4FCC-B0CA-FEF6544F7B52}.Release|Any CPU.Build.0 = Release|Any CPU
		{A334E475-65C9-4FCC-B0CA-FEF6544F7B52}.Release|x64.ActiveCfg = Release|Any CPU
		{A334E475-65C9-4FCC-B0CA-FEF6544F7B52}.Release|x64.Build.0 = Release|Any CPU
		{A334E475-65C9-4FCC-B0CA-FEF6544F7B52}.Release|x86.ActiveCfg = Release|Any CPU
		{A334E475-65C9-4FCC-B0CA-FEF6544F7B52}.Release|x86.Build.0 = Release|Any CPU
		{F0B2223F-BC47-49C2-B326-1B570F03FEF6}.Debug|Any CPU.ActiveCfg = Debug|Any CPU
		{F0B2223F-BC47-49C2-B326-1B570F03FEF6}.Debug|Any CPU.Build.0 = Debug|Any CPU
		{F0B2223F-BC47-49C2-B326-1B570F03FEF6}.Debug|x64.ActiveCfg = Debug|Any CPU
		{F0B2223F-BC47-49C2-B326-1B570F03FEF6}.Debug|x64.Build.0 = Debug|Any CPU
		{F0B2223F-BC47-49C2-B326-1B570F03FEF6}.Debug|x86.ActiveCfg = Debug|Any CPU
		{F0B2223F-BC47-49C2-B326-1B570F03FEF6}.Debug|x86.Build.0 = Debug|Any CPU
		{F0B2223F-BC47-49C2-B326-1B570F03FEF6}.Release|Any CPU.ActiveCfg = Release|Any CPU
		{F0B2223F-BC47-49C2-B326-1B570F03FEF6}.Release|Any CPU.Build.0 = Release|Any CPU
		{F0B2223F-BC47-49C2-B326-1B570F03FEF6}.Release|x64.ActiveCfg = Release|Any CPU
		{F0B2223F-BC47-49C2-B326-1B570F03FEF6}.Release|x64.Build.0 = Release|Any CPU
		{F0B2223F-BC47-49C2-B326-1B570F03FEF6}.Release|x86.ActiveCfg = Release|Any CPU
		{F0B2223F-BC47-49C2-B326-1B570F03FEF6}.Release|x86.Build.0 = Release|Any CPU
		{764315BF-CCC4-474E-809C-8800E3B2B7D3}.Debug|Any CPU.ActiveCfg = Debug|Any CPU
		{764315BF-CCC4-474E-809C-8800E3B2B7D3}.Debug|Any CPU.Build.0 = Debug|Any CPU
		{764315BF-CCC4-474E-809C-8800E3B2B7D3}.Debug|x64.ActiveCfg = Debug|Any CPU
		{764315BF-CCC4-474E-809C-8800E3B2B7D3}.Debug|x64.Build.0 = Debug|Any CPU
		{764315BF-CCC4-474E-809C-8800E3B2B7D3}.Debug|x86.ActiveCfg = Debug|Any CPU
		{764315BF-CCC4-474E-809C-8800E3B2B7D3}.Debug|x86.Build.0 = Debug|Any CPU
		{764315BF-CCC4-474E-809C-8800E3B2B7D3}.Release|Any CPU.ActiveCfg = Release|Any CPU
		{764315BF-CCC4-474E-809C-8800E3B2B7D3}.Release|Any CPU.Build.0 = Release|Any CPU
		{764315BF-CCC4-474E-809C-8800E3B2B7D3}.Release|x64.ActiveCfg = Release|Any CPU
		{764315BF-CCC4-474E-809C-8800E3B2B7D3}.Release|x64.Build.0 = Release|Any CPU
		{764315BF-CCC4-474E-809C-8800E3B2B7D3}.Release|x86.ActiveCfg = Release|Any CPU
		{764315BF-CCC4-474E-809C-8800E3B2B7D3}.Release|x86.Build.0 = Release|Any CPU
	EndGlobalSection
EndGlobal
